<?xml version="1.0" encoding="utf-8"?>
<Project ToolsVersion="15.0" xmlns="http://schemas.microsoft.com/developer/msbuild/2003">
  <ItemGroup>
    <ClCompile Include="C:\Users\Goodwin Lu\Documents\c++\P4\Term.cpp">
      <Filter>Source Files</Filter>
    </ClCompile>
    <ClCompile Include="C:\Users\Goodwin Lu\Documents\c++\P4\Polynomial.cpp">
      <Filter>Source Files</Filter>
    </ClCompile>
    <ClCompile Include="C:\Users\Goodwin Lu\Documents\c++\P4\student_tests.cpp">
      <Filter>Source Files</Filter>
    </ClCompile>
  </ItemGroup>
  <ItemGroup>
    <ClInclude Include="C:\Users\Goodwin Lu\Documents\c++\P4\catch.hpp">
      <Filter>Header Files</Filter>
    </ClInclude>
    <ClInclude Include="C:\Users\Goodwin Lu\Documents\c++\P4\Node.hpp">
      <Filter>Header Files</Filter>
    </ClInclude>
    <ClInclude Include="C:\Users\Goodwin Lu\Documents\c++\P4\Node.txx">
      <Filter>Header Files</Filter>
    </ClInclude>
    <ClInclude Include="C:\Users\Goodwin Lu\Documents\c++\P4\Term.hpp">
      <Filter>Header Files</Filter>
    </ClInclude>
    <ClInclude Include="C:\Users\Goodwin Lu\Documents\c++\P4\Polynomial.hpp">
      <Filter>Header Files</Filter>
    </ClInclude>
    <ClInclude Include="C:\Users\Goodwin Lu\Documents\c++\P4\LinkedList.hpp">
      <Filter>Header Files</Filter>
    </ClInclude>
    <ClInclude Include="C:\Users\Goodwin Lu\Documents\c++\P4\LinkedList.txx">
      <Filter>Header Files</Filter>
    </ClInclude>
  </ItemGroup>
  <ItemGroup>
    <CustomBuild Include="C:\Users\Goodwin Lu\Documents\c++\P4\CMakeLists.txt" />
  </ItemGroup>
  <ItemGroup>
    <Filter Include="Header Files">
      <UniqueIdentifier>{42BF3025-0A15-38D4-AA3F-5ED88459EAC1}</UniqueIdentifier>
    </Filter>
    <Filter Include="Source Files">
      <UniqueIdentifier>{01E8F797-BCBB-3C78-9B09-496CCE6EBA10}</UniqueIdentifier>
    </Filter>
  </ItemGroup>
</Project>
